<Solution Description="Visual Studio slnx file generated by Premake" Version="1.4">
  <Configurations>
    <BuildType Name="Release" />
    <Platform Name="x64" />
  </Configurations>
  <Project Path="Src\ThuliumClient.vcxproj" Id="8C3EB02E-F8FE-2B65-C139-75E22DB97041">
  </Project>
  <Project Path="Src\ThuliumServer.vcxproj" Id="A4538953-1014-058A-D94E-4E0745CE4966">
  </Project>
</Solution>